
Microsoft Visual Studio Solution File, Format Version 12.00
# Visual Studio Version 17
VisualStudioVersion = 17.10.34607.79
MinimumVisualStudioVersion = 10.0.40219.1
Project("{FAE04EC0-301F-11D3-BF4B-00C04F79EFBC}") = "WakaTime_API", "WakaTime_API\WakaTime_API.csproj", "{62659EAD-4480-45AA-9532-B95A28C1D270}"
EndProject
Project("{FAE04EC0-301F-11D3-BF4B-00C04F79EFBC}") = "WakaTime_UI", "WakaTime_UI\WakaTime_UI.csproj", "{C7D58E62-204B-46AE-AE75-91CF783EFE93}"
EndProject
Global
	GlobalSection(SolutionConfigurationPlatforms) = preSolution
		Debug|Any CPU = Debug|Any CPU
		Release|Any CPU = Release|Any CPU
	EndGlobalSection
	GlobalSection(ProjectConfigurationPlatforms) = postSolution
		{62659EAD-4480-45AA-9532-B95A28C1D270}.Debug|Any CPU.ActiveCfg = Debug|Any CPU
		{62659EAD-4480-45AA-9532-B95A28C1D270}.Debug|Any CPU.Build.0 = Debug|Any CPU
		{62659EAD-4480-45AA-9532-B95A28C1D270}.Release|Any CPU.ActiveCfg = Release|Any CPU
		{62659EAD-4480-45AA-9532-B95A28C1D270}.Release|Any CPU.Build.0 = Release|Any CPU
		{C7D58E62-204B-46AE-AE75-91CF783EFE93}.Debug|Any CPU.ActiveCfg = Debug|Any CPU
		{C7D58E62-204B-46AE-AE75-91CF783EFE93}.Debug|Any CPU.Build.0 = Debug|Any CPU
		{C7D58E62-204B-46AE-AE75-91CF783EFE93}.Release|Any CPU.ActiveCfg = Release|Any CPU
		{C7D58E62-204B-46AE-AE75-91CF783EFE93}.Release|Any CPU.Build.0 = Release|Any CPU
	EndGlobalSection
	GlobalSection(SolutionProperties) = preSolution
		HideSolutionNode = FALSE
	EndGlobalSection
	GlobalSection(ExtensibilityGlobals) = postSolution
		SolutionGuid = {C261879A-72E5-4853-980E-4D8B0CAE8FF5}
	EndGlobalSection
EndGlobal
